
Microsoft Visual Studio Solution File, Format Version 12.00
# Visual Studio 2012
Project("{8BC9CEB8-8B4A-11D0-8D11-00A0C91BC942}") = "idaas", "idaas\idaas.vcxproj", "{65CA8D94-895D-415E-9AE1-FDAEC0959A37}"
EndProject
Project("{FAE04EC0-301F-11D3-BF4B-00C04F79EFBC}") = "IDA.Client", "IDA.Client\IDA.Client.csproj", "{7750A724-B9F3-4017-A332-331C05B56C23}"
EndProject
Project("{FAE04EC0-301F-11D3-BF4B-00C04F79EFBC}") = "IDA.Client.Test", "IDA.Client.Test\IDA.Client.Test.csproj", "{57B5AB8D-D3EE-47B5-A36C-1E20A42A04B7}"
EndProject
Project("{8BC9CEB8-8B4A-11D0-8D11-00A0C91BC942}") = "BinaryData", "..\BinaryData\BinaryData.vcxproj", "{23258CC5-B485-4B70-86AD-D8210086D1B9}"
EndProject
Project("{8BC9CEB8-8B4A-11D0-8D11-00A0C91BC942}") = "socketizer", "..\socketizer\socketizer.vcxproj", "{DDEE73D7-9674-4E8A-94F6-4BC1FCFD521D}"
	ProjectSection(ProjectDependencies) = postProject
		{23258CC5-B485-4B70-86AD-D8210086D1B9} = {23258CC5-B485-4B70-86AD-D8210086D1B9}
	EndProjectSection
EndProject
Project("{8BC9CEB8-8B4A-11D0-8D11-00A0C91BC942}") = "libida-core", "libida-core\libida-core.vcxproj", "{E41A8B85-392F-4FE7-8B02-0EB9BF0113AA}"
EndProject
Project("{2150E333-8FDC-42A3-9474-1A3956D46DE8}") = "Solution Items", "Solution Items", "{18D993A6-5E1A-45F7-B148-7F4ECD11BE7B}"
	ProjectSection(SolutionItems) = preProject
		generate.cmd = generate.cmd
		idaas.thrift = idaas.thrift
	EndProjectSection
EndProject
Project("{8BC9CEB8-8B4A-11D0-8D11-00A0C91BC942}") = "libthriftnb", "..\third-party\thrift\thrift-0.9.0\lib\cpp\libthriftnb.vcxproj", "{D8696CCE-7D46-4659-B432-91754A41DEB0}"
EndProject
Project("{8BC9CEB8-8B4A-11D0-8D11-00A0C91BC942}") = "libthrift", "..\third-party\thrift\thrift-0.9.0\lib\cpp\libthrift.vcxproj", "{DD26F57E-60F2-4F37-A616-D219A9BF338F}"
EndProject
Project("{2150E333-8FDC-42A3-9474-1A3956D46DE8}") = ".build", ".build", "{90A46916-DCEC-40AE-B964-E6EF824D0037}"
	ProjectSection(SolutionItems) = preProject
		Build.proj = Build.proj
		.build\MSBuild.Community.Tasks.dll = .build\MSBuild.Community.Tasks.dll
		.build\MSBuild.Community.Tasks.targets = .build\MSBuild.Community.Tasks.targets
	EndProjectSection
EndProject
Global
	GlobalSection(SolutionConfigurationPlatforms) = preSolution
		Debug|Any CPU = Debug|Any CPU
		Debug|ARM = Debug|ARM
		Debug|Mixed Platforms = Debug|Mixed Platforms
		Debug|Win32 = Debug|Win32
		Debug|x64 = Debug|x64
		Debug|x86 = Debug|x86
		Debug-mt|Any CPU = Debug-mt|Any CPU
		Debug-mt|ARM = Debug-mt|ARM
		Debug-mt|Mixed Platforms = Debug-mt|Mixed Platforms
		Debug-mt|Win32 = Debug-mt|Win32
		Debug-mt|x64 = Debug-mt|x64
		Debug-mt|x86 = Debug-mt|x86
		Release|Any CPU = Release|Any CPU
		Release|ARM = Release|ARM
		Release|Mixed Platforms = Release|Mixed Platforms
		Release|Win32 = Release|Win32
		Release|x64 = Release|x64
		Release|x86 = Release|x86
		Release-mt|Any CPU = Release-mt|Any CPU
		Release-mt|ARM = Release-mt|ARM
		Release-mt|Mixed Platforms = Release-mt|Mixed Platforms
		Release-mt|Win32 = Release-mt|Win32
		Release-mt|x64 = Release-mt|x64
		Release-mt|x86 = Release-mt|x86
	EndGlobalSection
	GlobalSection(ProjectConfigurationPlatforms) = postSolution
		{65CA8D94-895D-415E-9AE1-FDAEC0959A37}.Debug|Any CPU.ActiveCfg = Debug|Win32
		{65CA8D94-895D-415E-9AE1-FDAEC0959A37}.Debug|ARM.ActiveCfg = Debug|Win32
		{65CA8D94-895D-415E-9AE1-FDAEC0959A37}.Debug|Mixed Platforms.ActiveCfg = Release|Win32
		{65CA8D94-895D-415E-9AE1-FDAEC0959A37}.Debug|Mixed Platforms.Build.0 = Release|Win32
		{65CA8D94-895D-415E-9AE1-FDAEC0959A37}.Debug|Win32.ActiveCfg = Debug|Win32
		{65CA8D94-895D-415E-9AE1-FDAEC0959A37}.Debug|Win32.Build.0 = Debug|Win32
		{65CA8D94-895D-415E-9AE1-FDAEC0959A37}.Debug|x64.ActiveCfg = Release|Win32
		{65CA8D94-895D-415E-9AE1-FDAEC0959A37}.Debug|x86.ActiveCfg = Release|Win32
		{65CA8D94-895D-415E-9AE1-FDAEC0959A37}.Debug-mt|Any CPU.ActiveCfg = Debug|Win32
		{65CA8D94-895D-415E-9AE1-FDAEC0959A37}.Debug-mt|ARM.ActiveCfg = Debug|Win32
		{65CA8D94-895D-415E-9AE1-FDAEC0959A37}.Debug-mt|Mixed Platforms.ActiveCfg = Debug|Win32
		{65CA8D94-895D-415E-9AE1-FDAEC0959A37}.Debug-mt|Mixed Platforms.Build.0 = Debug|Win32
		{65CA8D94-895D-415E-9AE1-FDAEC0959A37}.Debug-mt|Win32.ActiveCfg = Debug|Win32
		{65CA8D94-895D-415E-9AE1-FDAEC0959A37}.Debug-mt|Win32.Build.0 = Debug|Win32
		{65CA8D94-895D-415E-9AE1-FDAEC0959A37}.Debug-mt|x64.ActiveCfg = Debug|Win32
		{65CA8D94-895D-415E-9AE1-FDAEC0959A37}.Debug-mt|x86.ActiveCfg = Debug|Win32
		{65CA8D94-895D-415E-9AE1-FDAEC0959A37}.Debug-mt|x86.Build.0 = Debug|Win32
		{65CA8D94-895D-415E-9AE1-FDAEC0959A37}.Release|Any CPU.ActiveCfg = Release|Win32
		{65CA8D94-895D-415E-9AE1-FDAEC0959A37}.Release|ARM.ActiveCfg = Release|Win32
		{65CA8D94-895D-415E-9AE1-FDAEC0959A37}.Release|Mixed Platforms.ActiveCfg = Release|Win32
		{65CA8D94-895D-415E-9AE1-FDAEC0959A37}.Release|Mixed Platforms.Build.0 = Release|Win32
		{65CA8D94-895D-415E-9AE1-FDAEC0959A37}.Release|Win32.ActiveCfg = Release|Win32
		{65CA8D94-895D-415E-9AE1-FDAEC0959A37}.Release|Win32.Build.0 = Release|Win32
		{65CA8D94-895D-415E-9AE1-FDAEC0959A37}.Release|x64.ActiveCfg = Release|Win32
		{65CA8D94-895D-415E-9AE1-FDAEC0959A37}.Release|x86.ActiveCfg = Release|Win32
		{65CA8D94-895D-415E-9AE1-FDAEC0959A37}.Release|x86.Build.0 = Release|Win32
		{65CA8D94-895D-415E-9AE1-FDAEC0959A37}.Release-mt|Any CPU.ActiveCfg = Release|Win32
		{65CA8D94-895D-415E-9AE1-FDAEC0959A37}.Release-mt|ARM.ActiveCfg = Release|Win32
		{65CA8D94-895D-415E-9AE1-FDAEC0959A37}.Release-mt|Mixed Platforms.ActiveCfg = Release|Win32
		{65CA8D94-895D-415E-9AE1-FDAEC0959A37}.Release-mt|Mixed Platforms.Build.0 = Release|Win32
		{65CA8D94-895D-415E-9AE1-FDAEC0959A37}.Release-mt|Win32.ActiveCfg = Release|Win32
		{65CA8D94-895D-415E-9AE1-FDAEC0959A37}.Release-mt|Win32.Build.0 = Release|Win32
		{65CA8D94-895D-415E-9AE1-FDAEC0959A37}.Release-mt|x64.ActiveCfg = Release|Win32
		{65CA8D94-895D-415E-9AE1-FDAEC0959A37}.Release-mt|x86.ActiveCfg = Release|Win32
		{65CA8D94-895D-415E-9AE1-FDAEC0959A37}.Release-mt|x86.Build.0 = Release|Win32
		{7750A724-B9F3-4017-A332-331C05B56C23}.Debug|Any CPU.ActiveCfg = Debug|Any CPU
		{7750A724-B9F3-4017-A332-331C05B56C23}.Debug|Any CPU.Build.0 = Debug|Any CPU
		{7750A724-B9F3-4017-A332-331C05B56C23}.Debug|ARM.ActiveCfg = Debug|Any CPU
		{7750A724-B9F3-4017-A332-331C05B56C23}.Debug|Mixed Platforms.ActiveCfg = Debug|Any CPU
		{7750A724-B9F3-4017-A332-331C05B56C23}.Debug|Mixed Platforms.Build.0 = Debug|Any CPU
		{7750A724-B9F3-4017-A332-331C05B56C23}.Debug|Win32.ActiveCfg = Debug|Any CPU
		{7750A724-B9F3-4017-A332-331C05B56C23}.Debug|x64.ActiveCfg = Debug|Any CPU
		{7750A724-B9F3-4017-A332-331C05B56C23}.Debug|x86.ActiveCfg = Debug|x86
		{7750A724-B9F3-4017-A332-331C05B56C23}.Debug|x86.Build.0 = Debug|x86
		{7750A724-B9F3-4017-A332-331C05B56C23}.Debug-mt|Any CPU.ActiveCfg = Debug|Any CPU
		{7750A724-B9F3-4017-A332-331C05B56C23}.Debug-mt|Any CPU.Build.0 = Debug|Any CPU
		{7750A724-B9F3-4017-A332-331C05B56C23}.Debug-mt|ARM.ActiveCfg = Debug|Any CPU
		{7750A724-B9F3-4017-A332-331C05B56C23}.Debug-mt|Mixed Platforms.ActiveCfg = Debug|x86
		{7750A724-B9F3-4017-A332-331C05B56C23}.Debug-mt|Mixed Platforms.Build.0 = Debug|x86
		{7750A724-B9F3-4017-A332-331C05B56C23}.Debug-mt|Win32.ActiveCfg = Debug|x86
		{7750A724-B9F3-4017-A332-331C05B56C23}.Debug-mt|Win32.Build.0 = Debug|x86
		{7750A724-B9F3-4017-A332-331C05B56C23}.Debug-mt|x64.ActiveCfg = Debug|Any CPU
		{7750A724-B9F3-4017-A332-331C05B56C23}.Debug-mt|x86.ActiveCfg = Debug|x86
		{7750A724-B9F3-4017-A332-331C05B56C23}.Debug-mt|x86.Build.0 = Debug|x86
		{7750A724-B9F3-4017-A332-331C05B56C23}.Release|Any CPU.ActiveCfg = Release|Any CPU
		{7750A724-B9F3-4017-A332-331C05B56C23}.Release|Any CPU.Build.0 = Release|Any CPU
		{7750A724-B9F3-4017-A332-331C05B56C23}.Release|ARM.ActiveCfg = Release|Any CPU
		{7750A724-B9F3-4017-A332-331C05B56C23}.Release|Mixed Platforms.ActiveCfg = Release|Any CPU
		{7750A724-B9F3-4017-A332-331C05B56C23}.Release|Mixed Platforms.Build.0 = Release|Any CPU
		{7750A724-B9F3-4017-A332-331C05B56C23}.Release|Win32.ActiveCfg = Release|Any CPU
		{7750A724-B9F3-4017-A332-331C05B56C23}.Release|x64.ActiveCfg = Release|Any CPU
		{7750A724-B9F3-4017-A332-331C05B56C23}.Release|x86.ActiveCfg = Release|Any CPU
		{7750A724-B9F3-4017-A332-331C05B56C23}.Release-mt|Any CPU.ActiveCfg = Release|Any CPU
		{7750A724-B9F3-4017-A332-331C05B56C23}.Release-mt|Any CPU.Build.0 = Release|Any CPU
		{7750A724-B9F3-4017-A332-331C05B56C23}.Release-mt|ARM.ActiveCfg = Release|Any CPU
		{7750A724-B9F3-4017-A332-331C05B56C23}.Release-mt|Mixed Platforms.ActiveCfg = Release|x86
		{7750A724-B9F3-4017-A332-331C05B56C23}.Release-mt|Mixed Platforms.Build.0 = Release|x86
		{7750A724-B9F3-4017-A332-331C05B56C23}.Release-mt|Win32.ActiveCfg = Release|x86
		{7750A724-B9F3-4017-A332-331C05B56C23}.Release-mt|Win32.Build.0 = Release|x86
		{7750A724-B9F3-4017-A332-331C05B56C23}.Release-mt|x64.ActiveCfg = Release|Any CPU
		{7750A724-B9F3-4017-A332-331C05B56C23}.Release-mt|x86.ActiveCfg = Release|x86
		{7750A724-B9F3-4017-A332-331C05B56C23}.Release-mt|x86.Build.0 = Release|x86
		{57B5AB8D-D3EE-47B5-A36C-1E20A42A04B7}.Debug|Any CPU.ActiveCfg = Debug|Any CPU
		{57B5AB8D-D3EE-47B5-A36C-1E20A42A04B7}.Debug|Any CPU.Build.0 = Debug|Any CPU
		{57B5AB8D-D3EE-47B5-A36C-1E20A42A04B7}.Debug|ARM.ActiveCfg = Debug|Any CPU
		{57B5AB8D-D3EE-47B5-A36C-1E20A42A04B7}.Debug|Mixed Platforms.ActiveCfg = Debug|Any CPU
		{57B5AB8D-D3EE-47B5-A36C-1E20A42A04B7}.Debug|Mixed Platforms.Build.0 = Debug|Any CPU
		{57B5AB8D-D3EE-47B5-A36C-1E20A42A04B7}.Debug|Win32.ActiveCfg = Debug|Any CPU
		{57B5AB8D-D3EE-47B5-A36C-1E20A42A04B7}.Debug|x64.ActiveCfg = Debug|Any CPU
		{57B5AB8D-D3EE-47B5-A36C-1E20A42A04B7}.Debug|x86.ActiveCfg = Debug|x86
		{57B5AB8D-D3EE-47B5-A36C-1E20A42A04B7}.Debug|x86.Build.0 = Debug|x86
		{57B5AB8D-D3EE-47B5-A36C-1E20A42A04B7}.Debug-mt|Any CPU.ActiveCfg = Debug|Any CPU
		{57B5AB8D-D3EE-47B5-A36C-1E20A42A04B7}.Debug-mt|Any CPU.Build.0 = Debug|Any CPU
		{57B5AB8D-D3EE-47B5-A36C-1E20A42A04B7}.Debug-mt|ARM.ActiveCfg = Debug|Any CPU
		{57B5AB8D-D3EE-47B5-A36C-1E20A42A04B7}.Debug-mt|Mixed Platforms.ActiveCfg = Debug|x86
		{57B5AB8D-D3EE-47B5-A36C-1E20A42A04B7}.Debug-mt|Mixed Platforms.Build.0 = Debug|x86
		{57B5AB8D-D3EE-47B5-A36C-1E20A42A04B7}.Debug-mt|Win32.ActiveCfg = Debug|x86
		{57B5AB8D-D3EE-47B5-A36C-1E20A42A04B7}.Debug-mt|Win32.Build.0 = Debug|x86
		{57B5AB8D-D3EE-47B5-A36C-1E20A42A04B7}.Debug-mt|x64.ActiveCfg = Debug|Any CPU
		{57B5AB8D-D3EE-47B5-A36C-1E20A42A04B7}.Debug-mt|x86.ActiveCfg = Debug|x86
		{57B5AB8D-D3EE-47B5-A36C-1E20A42A04B7}.Debug-mt|x86.Build.0 = Debug|x86
		{57B5AB8D-D3EE-47B5-A36C-1E20A42A04B7}.Release|Any CPU.ActiveCfg = Release|Any CPU
		{57B5AB8D-D3EE-47B5-A36C-1E20A42A04B7}.Release|Any CPU.Build.0 = Release|Any CPU
		{57B5AB8D-D3EE-47B5-A36C-1E20A42A04B7}.Release|ARM.ActiveCfg = Release|Any CPU
		{57B5AB8D-D3EE-47B5-A36C-1E20A42A04B7}.Release|Mixed Platforms.ActiveCfg = Release|Any CPU
		{57B5AB8D-D3EE-47B5-A36C-1E20A42A04B7}.Release|Mixed Platforms.Build.0 = Release|Any CPU
		{57B5AB8D-D3EE-47B5-A36C-1E20A42A04B7}.Release|Win32.ActiveCfg = Release|Any CPU
		{57B5AB8D-D3EE-47B5-A36C-1E20A42A04B7}.Release|x64.ActiveCfg = Release|Any CPU
		{57B5AB8D-D3EE-47B5-A36C-1E20A42A04B7}.Release|x86.ActiveCfg = Release|x86
		{57B5AB8D-D3EE-47B5-A36C-1E20A42A04B7}.Release-mt|Any CPU.ActiveCfg = Release|Any CPU
		{57B5AB8D-D3EE-47B5-A36C-1E20A42A04B7}.Release-mt|Any CPU.Build.0 = Release|Any CPU
		{57B5AB8D-D3EE-47B5-A36C-1E20A42A04B7}.Release-mt|ARM.ActiveCfg = Release|Any CPU
		{57B5AB8D-D3EE-47B5-A36C-1E20A42A04B7}.Release-mt|Mixed Platforms.ActiveCfg = Release|x86
		{57B5AB8D-D3EE-47B5-A36C-1E20A42A04B7}.Release-mt|Mixed Platforms.Build.0 = Release|x86
		{57B5AB8D-D3EE-47B5-A36C-1E20A42A04B7}.Release-mt|Win32.ActiveCfg = Release|x86
		{57B5AB8D-D3EE-47B5-A36C-1E20A42A04B7}.Release-mt|Win32.Build.0 = Release|x86
		{57B5AB8D-D3EE-47B5-A36C-1E20A42A04B7}.Release-mt|x64.ActiveCfg = Release|Any CPU
		{57B5AB8D-D3EE-47B5-A36C-1E20A42A04B7}.Release-mt|x86.ActiveCfg = Release|x86
		{57B5AB8D-D3EE-47B5-A36C-1E20A42A04B7}.Release-mt|x86.Build.0 = Release|x86
		{23258CC5-B485-4B70-86AD-D8210086D1B9}.Debug|Any CPU.ActiveCfg = Debug|Win32
		{23258CC5-B485-4B70-86AD-D8210086D1B9}.Debug|ARM.ActiveCfg = Debug|Win32
		{23258CC5-B485-4B70-86AD-D8210086D1B9}.Debug|Mixed Platforms.ActiveCfg = Debug|Win32
		{23258CC5-B485-4B70-86AD-D8210086D1B9}.Debug|Mixed Platforms.Build.0 = Debug|Win32
		{23258CC5-B485-4B70-86AD-D8210086D1B9}.Debug|Win32.ActiveCfg = Debug|Win32
		{23258CC5-B485-4B70-86AD-D8210086D1B9}.Debug|Win32.Build.0 = Debug|Win32
		{23258CC5-B485-4B70-86AD-D8210086D1B9}.Debug|x64.ActiveCfg = Debug|Win32
		{23258CC5-B485-4B70-86AD-D8210086D1B9}.Debug|x86.ActiveCfg = Release|Win32
		{23258CC5-B485-4B70-86AD-D8210086D1B9}.Debug|x86.Build.0 = Release|Win32
		{23258CC5-B485-4B70-86AD-D8210086D1B9}.Debug-mt|Any CPU.ActiveCfg = Debug|Win32
		{23258CC5-B485-4B70-86AD-D8210086D1B9}.Debug-mt|ARM.ActiveCfg = Debug|Win32
		{23258CC5-B485-4B70-86AD-D8210086D1B9}.Debug-mt|Mixed Platforms.ActiveCfg = Debug|Win32
		{23258CC5-B485-4B70-86AD-D8210086D1B9}.Debug-mt|Mixed Platforms.Build.0 = Debug|Win32
		{23258CC5-B485-4B70-86AD-D8210086D1B9}.Debug-mt|Win32.ActiveCfg = Debug|Win32
		{23258CC5-B485-4B70-86AD-D8210086D1B9}.Debug-mt|Win32.Build.0 = Debug|Win32
		{23258CC5-B485-4B70-86AD-D8210086D1B9}.Debug-mt|x64.ActiveCfg = Debug|Win32
		{23258CC5-B485-4B70-86AD-D8210086D1B9}.Debug-mt|x86.ActiveCfg = Debug|Win32
		{23258CC5-B485-4B70-86AD-D8210086D1B9}.Debug-mt|x86.Build.0 = Debug|Win32
		{23258CC5-B485-4B70-86AD-D8210086D1B9}.Release|Any CPU.ActiveCfg = Release|Win32
		{23258CC5-B485-4B70-86AD-D8210086D1B9}.Release|ARM.ActiveCfg = Release|Win32
		{23258CC5-B485-4B70-86AD-D8210086D1B9}.Release|Mixed Platforms.ActiveCfg = Release|Win32
		{23258CC5-B485-4B70-86AD-D8210086D1B9}.Release|Mixed Platforms.Build.0 = Release|Win32
		{23258CC5-B485-4B70-86AD-D8210086D1B9}.Release|Win32.ActiveCfg = Release|Win32
		{23258CC5-B485-4B70-86AD-D8210086D1B9}.Release|Win32.Build.0 = Release|Win32
		{23258CC5-B485-4B70-86AD-D8210086D1B9}.Release|x64.ActiveCfg = Release|Win32
		{23258CC5-B485-4B70-86AD-D8210086D1B9}.Release|x86.ActiveCfg = Release|Win32
		{23258CC5-B485-4B70-86AD-D8210086D1B9}.Release|x86.Build.0 = Release|Win32
		{23258CC5-B485-4B70-86AD-D8210086D1B9}.Release-mt|Any CPU.ActiveCfg = Release|Win32
		{23258CC5-B485-4B70-86AD-D8210086D1B9}.Release-mt|ARM.ActiveCfg = Release|Win32
		{23258CC5-B485-4B70-86AD-D8210086D1B9}.Release-mt|Mixed Platforms.ActiveCfg = Release|Win32
		{23258CC5-B485-4B70-86AD-D8210086D1B9}.Release-mt|Mixed Platforms.Build.0 = Release|Win32
		{23258CC5-B485-4B70-86AD-D8210086D1B9}.Release-mt|Win32.ActiveCfg = Release|Win32
		{23258CC5-B485-4B70-86AD-D8210086D1B9}.Release-mt|Win32.Build.0 = Release|Win32
		{23258CC5-B485-4B70-86AD-D8210086D1B9}.Release-mt|x64.ActiveCfg = Release|Win32
		{23258CC5-B485-4B70-86AD-D8210086D1B9}.Release-mt|x86.ActiveCfg = Release|Win32
		{23258CC5-B485-4B70-86AD-D8210086D1B9}.Release-mt|x86.Build.0 = Release|Win32
		{DDEE73D7-9674-4E8A-94F6-4BC1FCFD521D}.Debug|Any CPU.ActiveCfg = Debug|Win32
		{DDEE73D7-9674-4E8A-94F6-4BC1FCFD521D}.Debug|ARM.ActiveCfg = Debug|Win32
		{DDEE73D7-9674-4E8A-94F6-4BC1FCFD521D}.Debug|Mixed Platforms.ActiveCfg = Debug|Win32
		{DDEE73D7-9674-4E8A-94F6-4BC1FCFD521D}.Debug|Mixed Platforms.Build.0 = Debug|Win32
		{DDEE73D7-9674-4E8A-94F6-4BC1FCFD521D}.Debug|Win32.ActiveCfg = Debug|Win32
		{DDEE73D7-9674-4E8A-94F6-4BC1FCFD521D}.Debug|Win32.Build.0 = Debug|Win32
		{DDEE73D7-9674-4E8A-94F6-4BC1FCFD521D}.Debug|x64.ActiveCfg = Debug|Win32
		{DDEE73D7-9674-4E8A-94F6-4BC1FCFD521D}.Debug|x86.ActiveCfg = Release|Win32
		{DDEE73D7-9674-4E8A-94F6-4BC1FCFD521D}.Debug|x86.Build.0 = Release|Win32
		{DDEE73D7-9674-4E8A-94F6-4BC1FCFD521D}.Debug-mt|Any CPU.ActiveCfg = Debug|Win32
		{DDEE73D7-9674-4E8A-94F6-4BC1FCFD521D}.Debug-mt|ARM.ActiveCfg = Debug|Win32
		{DDEE73D7-9674-4E8A-94F6-4BC1FCFD521D}.Debug-mt|Mixed Platforms.ActiveCfg = Debug|Win32
		{DDEE73D7-9674-4E8A-94F6-4BC1FCFD521D}.Debug-mt|Mixed Platforms.Build.0 = Debug|Win32
		{DDEE73D7-9674-4E8A-94F6-4BC1FCFD521D}.Debug-mt|Win32.ActiveCfg = Debug|Win32
		{DDEE73D7-9674-4E8A-94F6-4BC1FCFD521D}.Debug-mt|Win32.Build.0 = Debug|Win32
		{DDEE73D7-9674-4E8A-94F6-4BC1FCFD521D}.Debug-mt|x64.ActiveCfg = Debug|Win32
		{DDEE73D7-9674-4E8A-94F6-4BC1FCFD521D}.Debug-mt|x86.ActiveCfg = Debug|Win32
		{DDEE73D7-9674-4E8A-94F6-4BC1FCFD521D}.Debug-mt|x86.Build.0 = Debug|Win32
		{DDEE73D7-9674-4E8A-94F6-4BC1FCFD521D}.Release|Any CPU.ActiveCfg = Release|Win32
		{DDEE73D7-9674-4E8A-94F6-4BC1FCFD521D}.Release|ARM.ActiveCfg = Release|Win32
		{DDEE73D7-9674-4E8A-94F6-4BC1FCFD521D}.Release|Mixed Platforms.ActiveCfg = Release|Win32
		{DDEE73D7-9674-4E8A-94F6-4BC1FCFD521D}.Release|Mixed Platforms.Build.0 = Release|Win32
		{DDEE73D7-9674-4E8A-94F6-4BC1FCFD521D}.Release|Win32.ActiveCfg = Release|Win32
		{DDEE73D7-9674-4E8A-94F6-4BC1FCFD521D}.Release|Win32.Build.0 = Release|Win32
		{DDEE73D7-9674-4E8A-94F6-4BC1FCFD521D}.Release|x64.ActiveCfg = Release|Win32
		{DDEE73D7-9674-4E8A-94F6-4BC1FCFD521D}.Release|x86.ActiveCfg = Release|Win32
		{DDEE73D7-9674-4E8A-94F6-4BC1FCFD521D}.Release|x86.Build.0 = Release|Win32
		{DDEE73D7-9674-4E8A-94F6-4BC1FCFD521D}.Release-mt|Any CPU.ActiveCfg = Release|Win32
		{DDEE73D7-9674-4E8A-94F6-4BC1FCFD521D}.Release-mt|ARM.ActiveCfg = Release|Win32
		{DDEE73D7-9674-4E8A-94F6-4BC1FCFD521D}.Release-mt|Mixed Platforms.ActiveCfg = Release|Win32
		{DDEE73D7-9674-4E8A-94F6-4BC1FCFD521D}.Release-mt|Mixed Platforms.Build.0 = Release|Win32
		{DDEE73D7-9674-4E8A-94F6-4BC1FCFD521D}.Release-mt|Win32.ActiveCfg = Release|Win32
		{DDEE73D7-9674-4E8A-94F6-4BC1FCFD521D}.Release-mt|Win32.Build.0 = Release|Win32
		{DDEE73D7-9674-4E8A-94F6-4BC1FCFD521D}.Release-mt|x64.ActiveCfg = Release|Win32
		{DDEE73D7-9674-4E8A-94F6-4BC1FCFD521D}.Release-mt|x86.ActiveCfg = Release|Win32
		{DDEE73D7-9674-4E8A-94F6-4BC1FCFD521D}.Release-mt|x86.Build.0 = Release|Win32
		{E41A8B85-392F-4FE7-8B02-0EB9BF0113AA}.Debug|Any CPU.ActiveCfg = Debug|Win32
		{E41A8B85-392F-4FE7-8B02-0EB9BF0113AA}.Debug|ARM.ActiveCfg = Debug|Win32
		{E41A8B85-392F-4FE7-8B02-0EB9BF0113AA}.Debug|Mixed Platforms.ActiveCfg = Debug|Win32
		{E41A8B85-392F-4FE7-8B02-0EB9BF0113AA}.Debug|Mixed Platforms.Build.0 = Debug|Win32
		{E41A8B85-392F-4FE7-8B02-0EB9BF0113AA}.Debug|Win32.ActiveCfg = Debug|Win32
		{E41A8B85-392F-4FE7-8B02-0EB9BF0113AA}.Debug|Win32.Build.0 = Debug|Win32
		{E41A8B85-392F-4FE7-8B02-0EB9BF0113AA}.Debug|x64.ActiveCfg = Debug|Win32
		{E41A8B85-392F-4FE7-8B02-0EB9BF0113AA}.Debug|x86.ActiveCfg = Release|Win32
		{E41A8B85-392F-4FE7-8B02-0EB9BF0113AA}.Debug|x86.Build.0 = Release|Win32
		{E41A8B85-392F-4FE7-8B02-0EB9BF0113AA}.Debug-mt|Any CPU.ActiveCfg = Debug|Win32
		{E41A8B85-392F-4FE7-8B02-0EB9BF0113AA}.Debug-mt|ARM.ActiveCfg = Debug|Win32
		{E41A8B85-392F-4FE7-8B02-0EB9BF0113AA}.Debug-mt|Mixed Platforms.ActiveCfg = Debug|Win32
		{E41A8B85-392F-4FE7-8B02-0EB9BF0113AA}.Debug-mt|Mixed Platforms.Build.0 = Debug|Win32
		{E41A8B85-392F-4FE7-8B02-0EB9BF0113AA}.Debug-mt|Win32.ActiveCfg = Debug|Win32
		{E41A8B85-392F-4FE7-8B02-0EB9BF0113AA}.Debug-mt|Win32.Build.0 = Debug|Win32
		{E41A8B85-392F-4FE7-8B02-0EB9BF0113AA}.Debug-mt|x64.ActiveCfg = Debug|Win32
		{E41A8B85-392F-4FE7-8B02-0EB9BF0113AA}.Debug-mt|x86.ActiveCfg = Debug|Win32
		{E41A8B85-392F-4FE7-8B02-0EB9BF0113AA}.Debug-mt|x86.Build.0 = Debug|Win32
		{E41A8B85-392F-4FE7-8B02-0EB9BF0113AA}.Release|Any CPU.ActiveCfg = Release|Win32
		{E41A8B85-392F-4FE7-8B02-0EB9BF0113AA}.Release|ARM.ActiveCfg = Release|Win32
		{E41A8B85-392F-4FE7-8B02-0EB9BF0113AA}.Release|Mixed Platforms.ActiveCfg = Release|Win32
		{E41A8B85-392F-4FE7-8B02-0EB9BF0113AA}.Release|Mixed Platforms.Build.0 = Release|Win32
		{E41A8B85-392F-4FE7-8B02-0EB9BF0113AA}.Release|Win32.ActiveCfg = Release|Win32
		{E41A8B85-392F-4FE7-8B02-0EB9BF0113AA}.Release|Win32.Build.0 = Release|Win32
		{E41A8B85-392F-4FE7-8B02-0EB9BF0113AA}.Release|x64.ActiveCfg = Release|Win32
		{E41A8B85-392F-4FE7-8B02-0EB9BF0113AA}.Release|x86.ActiveCfg = Release|Win32
		{E41A8B85-392F-4FE7-8B02-0EB9BF0113AA}.Release|x86.Build.0 = Release|Win32
		{E41A8B85-392F-4FE7-8B02-0EB9BF0113AA}.Release-mt|Any CPU.ActiveCfg = Release|Win32
		{E41A8B85-392F-4FE7-8B02-0EB9BF0113AA}.Release-mt|ARM.ActiveCfg = Release|Win32
		{E41A8B85-392F-4FE7-8B02-0EB9BF0113AA}.Release-mt|Mixed Platforms.ActiveCfg = Release|Win32
		{E41A8B85-392F-4FE7-8B02-0EB9BF0113AA}.Release-mt|Mixed Platforms.Build.0 = Release|Win32
		{E41A8B85-392F-4FE7-8B02-0EB9BF0113AA}.Release-mt|Win32.ActiveCfg = Release|Win32
		{E41A8B85-392F-4FE7-8B02-0EB9BF0113AA}.Release-mt|Win32.Build.0 = Release|Win32
		{E41A8B85-392F-4FE7-8B02-0EB9BF0113AA}.Release-mt|x64.ActiveCfg = Release|Win32
		{E41A8B85-392F-4FE7-8B02-0EB9BF0113AA}.Release-mt|x86.ActiveCfg = Release|Win32
		{E41A8B85-392F-4FE7-8B02-0EB9BF0113AA}.Release-mt|x86.Build.0 = Release|Win32
		{D8696CCE-7D46-4659-B432-91754A41DEB0}.Debug|Any CPU.ActiveCfg = Debug|Win32
		{D8696CCE-7D46-4659-B432-91754A41DEB0}.Debug|ARM.ActiveCfg = Debug|Win32
		{D8696CCE-7D46-4659-B432-91754A41DEB0}.Debug|Mixed Platforms.ActiveCfg = Debug|Win32
		{D8696CCE-7D46-4659-B432-91754A41DEB0}.Debug|Mixed Platforms.Build.0 = Debug|Win32
		{D8696CCE-7D46-4659-B432-91754A41DEB0}.Debug|Win32.ActiveCfg = Debug|Win32
		{D8696CCE-7D46-4659-B432-91754A41DEB0}.Debug|Win32.Build.0 = Debug|Win32
		{D8696CCE-7D46-4659-B432-91754A41DEB0}.Debug|x64.ActiveCfg = Debug|x64
		{D8696CCE-7D46-4659-B432-91754A41DEB0}.Debug|x64.Build.0 = Debug|x64
		{D8696CCE-7D46-4659-B432-91754A41DEB0}.Debug|x86.ActiveCfg = Release|Win32
		{D8696CCE-7D46-4659-B432-91754A41DEB0}.Debug|x86.Build.0 = Release|Win32
		{D8696CCE-7D46-4659-B432-91754A41DEB0}.Debug-mt|Any CPU.ActiveCfg = Debug-mt|Win32
		{D8696CCE-7D46-4659-B432-91754A41DEB0}.Debug-mt|ARM.ActiveCfg = Debug-mt|Win32
		{D8696CCE-7D46-4659-B432-91754A41DEB0}.Debug-mt|Mixed Platforms.ActiveCfg = Debug-mt|Win32
		{D8696CCE-7D46-4659-B432-91754A41DEB0}.Debug-mt|Mixed Platforms.Build.0 = Debug-mt|Win32
		{D8696CCE-7D46-4659-B432-91754A41DEB0}.Debug-mt|Win32.ActiveCfg = Debug-mt|Win32
		{D8696CCE-7D46-4659-B432-91754A41DEB0}.Debug-mt|Win32.Build.0 = Debug-mt|Win32
		{D8696CCE-7D46-4659-B432-91754A41DEB0}.Debug-mt|x64.ActiveCfg = Debug-mt|x64
		{D8696CCE-7D46-4659-B432-91754A41DEB0}.Debug-mt|x64.Build.0 = Debug-mt|x64
		{D8696CCE-7D46-4659-B432-91754A41DEB0}.Debug-mt|x86.ActiveCfg = Debug-mt|Win32
		{D8696CCE-7D46-4659-B432-91754A41DEB0}.Debug-mt|x86.Build.0 = Debug-mt|Win32
		{D8696CCE-7D46-4659-B432-91754A41DEB0}.Release|Any CPU.ActiveCfg = Release|Win32
		{D8696CCE-7D46-4659-B432-91754A41DEB0}.Release|ARM.ActiveCfg = Release|Win32
		{D8696CCE-7D46-4659-B432-91754A41DEB0}.Release|Mixed Platforms.ActiveCfg = Release|Win32
		{D8696CCE-7D46-4659-B432-91754A41DEB0}.Release|Mixed Platforms.Build.0 = Release|Win32
		{D8696CCE-7D46-4659-B432-91754A41DEB0}.Release|Win32.ActiveCfg = Release|Win32
		{D8696CCE-7D46-4659-B432-91754A41DEB0}.Release|Win32.Build.0 = Release|Win32
		{D8696CCE-7D46-4659-B432-91754A41DEB0}.Release|x64.ActiveCfg = Release|x64
		{D8696CCE-7D46-4659-B432-91754A41DEB0}.Release|x64.Build.0 = Release|x64
		{D8696CCE-7D46-4659-B432-91754A41DEB0}.Release|x86.ActiveCfg = Release|Win32
		{D8696CCE-7D46-4659-B432-91754A41DEB0}.Release|x86.Build.0 = Release|Win32
		{D8696CCE-7D46-4659-B432-91754A41DEB0}.Release-mt|Any CPU.ActiveCfg = Release-mt|Win32
		{D8696CCE-7D46-4659-B432-91754A41DEB0}.Release-mt|ARM.ActiveCfg = Release-mt|Win32
		{D8696CCE-7D46-4659-B432-91754A41DEB0}.Release-mt|Mixed Platforms.ActiveCfg = Release-mt|Win32
		{D8696CCE-7D46-4659-B432-91754A41DEB0}.Release-mt|Mixed Platforms.Build.0 = Release-mt|Win32
		{D8696CCE-7D46-4659-B432-91754A41DEB0}.Release-mt|Win32.ActiveCfg = Release-mt|Win32
		{D8696CCE-7D46-4659-B432-91754A41DEB0}.Release-mt|Win32.Build.0 = Release-mt|Win32
		{D8696CCE-7D46-4659-B432-91754A41DEB0}.Release-mt|x64.ActiveCfg = Release-mt|x64
		{D8696CCE-7D46-4659-B432-91754A41DEB0}.Release-mt|x64.Build.0 = Release-mt|x64
		{D8696CCE-7D46-4659-B432-91754A41DEB0}.Release-mt|x86.ActiveCfg = Release-mt|Win32
		{D8696CCE-7D46-4659-B432-91754A41DEB0}.Release-mt|x86.Build.0 = Release-mt|Win32
		{DD26F57E-60F2-4F37-A616-D219A9BF338F}.Debug|Any CPU.ActiveCfg = Debug|Win32
		{DD26F57E-60F2-4F37-A616-D219A9BF338F}.Debug|ARM.ActiveCfg = Debug|Win32
		{DD26F57E-60F2-4F37-A616-D219A9BF338F}.Debug|Mixed Platforms.ActiveCfg = Debug|Win32
		{DD26F57E-60F2-4F37-A616-D219A9BF338F}.Debug|Mixed Platforms.Build.0 = Debug|Win32
		{DD26F57E-60F2-4F37-A616-D219A9BF338F}.Debug|Win32.ActiveCfg = Debug|Win32
		{DD26F57E-60F2-4F37-A616-D219A9BF338F}.Debug|Win32.Build.0 = Debug|Win32
		{DD26F57E-60F2-4F37-A616-D219A9BF338F}.Debug|x64.ActiveCfg = Debug|x64
		{DD26F57E-60F2-4F37-A616-D219A9BF338F}.Debug|x64.Build.0 = Debug|x64
		{DD26F57E-60F2-4F37-A616-D219A9BF338F}.Debug|x86.ActiveCfg = Release|Win32
		{DD26F57E-60F2-4F37-A616-D219A9BF338F}.Debug|x86.Build.0 = Release|Win32
		{DD26F57E-60F2-4F37-A616-D219A9BF338F}.Debug-mt|Any CPU.ActiveCfg = Debug-mt|Win32
		{DD26F57E-60F2-4F37-A616-D219A9BF338F}.Debug-mt|ARM.ActiveCfg = Debug-mt|Win32
		{DD26F57E-60F2-4F37-A616-D219A9BF338F}.Debug-mt|Mixed Platforms.ActiveCfg = Debug-mt|Win32
		{DD26F57E-60F2-4F37-A616-D219A9BF338F}.Debug-mt|Mixed Platforms.Build.0 = Debug-mt|Win32
		{DD26F57E-60F2-4F37-A616-D219A9BF338F}.Debug-mt|Win32.ActiveCfg = Debug-mt|Win32
		{DD26F57E-60F2-4F37-A616-D219A9BF338F}.Debug-mt|Win32.Build.0 = Debug-mt|Win32
		{DD26F57E-60F2-4F37-A616-D219A9BF338F}.Debug-mt|x64.ActiveCfg = Debug-mt|x64
		{DD26F57E-60F2-4F37-A616-D219A9BF338F}.Debug-mt|x64.Build.0 = Debug-mt|x64
		{DD26F57E-60F2-4F37-A616-D219A9BF338F}.Debug-mt|x86.ActiveCfg = Debug-mt|Win32
		{DD26F57E-60F2-4F37-A616-D219A9BF338F}.Debug-mt|x86.Build.0 = Debug-mt|Win32
		{DD26F57E-60F2-4F37-A616-D219A9BF338F}.Release|Any CPU.ActiveCfg = Release|Win32
		{DD26F57E-60F2-4F37-A616-D219A9BF338F}.Release|ARM.ActiveCfg = Release|Win32
		{DD26F57E-60F2-4F37-A616-D219A9BF338F}.Release|Mixed Platforms.ActiveCfg = Release|Win32
		{DD26F57E-60F2-4F37-A616-D219A9BF338F}.Release|Mixed Platforms.Build.0 = Release|Win32
		{DD26F57E-60F2-4F37-A616-D219A9BF338F}.Release|Win32.ActiveCfg = Release|Win32
		{DD26F57E-60F2-4F37-A616-D219A9BF338F}.Release|Win32.Build.0 = Release|Win32
		{DD26F57E-60F2-4F37-A616-D219A9BF338F}.Release|x64.ActiveCfg = Release|x64
		{DD26F57E-60F2-4F37-A616-D219A9BF338F}.Release|x64.Build.0 = Release|x64
		{DD26F57E-60F2-4F37-A616-D219A9BF338F}.Release|x86.ActiveCfg = Release|Win32
		{DD26F57E-60F2-4F37-A616-D219A9BF338F}.Release|x86.Build.0 = Release|Win32
		{DD26F57E-60F2-4F37-A616-D219A9BF338F}.Release-mt|Any CPU.ActiveCfg = Release-mt|Win32
		{DD26F57E-60F2-4F37-A616-D219A9BF338F}.Release-mt|ARM.ActiveCfg = Release-mt|Win32
		{DD26F57E-60F2-4F37-A616-D219A9BF338F}.Release-mt|Mixed Platforms.ActiveCfg = Release-mt|Win32
		{DD26F57E-60F2-4F37-A616-D219A9BF338F}.Release-mt|Mixed Platforms.Build.0 = Release-mt|Win32
		{DD26F57E-60F2-4F37-A616-D219A9BF338F}.Release-mt|Win32.ActiveCfg = Release-mt|Win32
		{DD26F57E-60F2-4F37-A616-D219A9BF338F}.Release-mt|Win32.Build.0 = Release-mt|Win32
		{DD26F57E-60F2-4F37-A616-D219A9BF338F}.Release-mt|x64.ActiveCfg = Release-mt|x64
		{DD26F57E-60F2-4F37-A616-D219A9BF338F}.Release-mt|x64.Build.0 = Release-mt|x64
		{DD26F57E-60F2-4F37-A616-D219A9BF338F}.Release-mt|x86.ActiveCfg = Release-mt|Win32
		{DD26F57E-60F2-4F37-A616-D219A9BF338F}.Release-mt|x86.Build.0 = Release-mt|Win32
	EndGlobalSection
	GlobalSection(SolutionProperties) = preSolution
		HideSolutionNode = FALSE
	EndGlobalSection
EndGlobal
